// !$*UTF8*$!
{
	archiveVersion = 1;
	classes = {
	};
	objectVersion = 46;
	objects = {

/* Begin PBXBuildFile section */
		4732D50E1902DC1100914951 /* SKAction+SKTExtras.m in Sources */ = {isa = PBXBuildFile; fileRef = 4732D5051902DC1100914951 /* SKAction+SKTExtras.m */; };
		4732D50F1902DC1100914951 /* SKEmitterNode+SKTExtras.m in Sources */ = {isa = PBXBuildFile; fileRef = 4732D5071902DC1100914951 /* SKEmitterNode+SKTExtras.m */; };
		4732D5101902DC1100914951 /* SKNode+SKTExtras.m in Sources */ = {isa = PBXBuildFile; fileRef = 4732D5091902DC1100914951 /* SKNode+SKTExtras.m */; };
		4732D5111902DC1100914951 /* SKTAudio.m in Sources */ = {isa = PBXBuildFile; fileRef = 4732D50B1902DC1100914951 /* SKTAudio.m */; };
		4732D5121902DC1100914951 /* SKTUtils.mm in Sources */ = {isa = PBXBuildFile; fileRef = 4732D50D1902DC1100914951 /* SKTUtils.mm */; };
		4732D5161902DFB100914951 /* PNEntity.m in Sources */ = {isa = PBXBuildFile; fileRef = 4732D5151902DFB100914951 /* PNEntity.m */; };
		4732D5191902E2A100914951 /* PNPlayerShip.m in Sources */ = {isa = PBXBuildFile; fileRef = 4732D5181902E2A100914951 /* PNPlayerShip.m */; };
		474A1F1519026B5C00897ABC /* Foundation.framework in Frameworks */ = {isa = PBXBuildFile; fileRef = 474A1F1419026B5C00897ABC /* Foundation.framework */; };
		474A1F1719026B5C00897ABC /* CoreGraphics.framework in Frameworks */ = {isa = PBXBuildFile; fileRef = 474A1F1619026B5C00897ABC /* CoreGraphics.framework */; };
		474A1F1919026B5C00897ABC /* UIKit.framework in Frameworks */ = {isa = PBXBuildFile; fileRef = 474A1F1819026B5C00897ABC /* UIKit.framework */; };
		474A1F1B19026B5C00897ABC /* SpriteKit.framework in Frameworks */ = {isa = PBXBuildFile; fileRef = 474A1F1A19026B5C00897ABC /* SpriteKit.framework */; };
		474A1F2119026B5C00897ABC /* InfoPlist.strings in Resources */ = {isa = PBXBuildFile; fileRef = 474A1F1F19026B5C00897ABC /* InfoPlist.strings */; };
		474A1F2319026B5C00897ABC /* main.m in Sources */ = {isa = PBXBuildFile; fileRef = 474A1F2219026B5C00897ABC /* main.m */; };
		474A1F2719026B5C00897ABC /* PNAppDelegate.m in Sources */ = {isa = PBXBuildFile; fileRef = 474A1F2619026B5C00897ABC /* PNAppDelegate.m */; };
		474A1F2A19026B5C00897ABC /* Main.storyboard in Resources */ = {isa = PBXBuildFile; fileRef = 474A1F2819026B5C00897ABC /* Main.storyboard */; };
		474A1F2D19026B5C00897ABC /* PNViewController.m in Sources */ = {isa = PBXBuildFile; fileRef = 474A1F2C19026B5C00897ABC /* PNViewController.m */; };
		474A1F3019026B5C00897ABC /* PNMyScene.m in Sources */ = {isa = PBXBuildFile; fileRef = 474A1F2F19026B5C00897ABC /* PNMyScene.m */; };
		474A1F3219026B5C00897ABC /* Spaceship.png in Resources */ = {isa = PBXBuildFile; fileRef = 474A1F3119026B5C00897ABC /* Spaceship.png */; };
		474A1F3419026B5C00897ABC /* Images.xcassets in Resources */ = {isa = PBXBuildFile; fileRef = 474A1F3319026B5C00897ABC /* Images.xcassets */; };
		474A1F3B19026B5C00897ABC /* XCTest.framework in Frameworks */ = {isa = PBXBuildFile; fileRef = 474A1F3A19026B5C00897ABC /* XCTest.framework */; };
		474A1F3C19026B5C00897ABC /* Foundation.framework in Frameworks */ = {isa = PBXBuildFile; fileRef = 474A1F1419026B5C00897ABC /* Foundation.framework */; };
		474A1F3D19026B5C00897ABC /* UIKit.framework in Frameworks */ = {isa = PBXBuildFile; fileRef = 474A1F1819026B5C00897ABC /* UIKit.framework */; };
		474A1F4519026B5C00897ABC /* InfoPlist.strings in Resources */ = {isa = PBXBuildFile; fileRef = 474A1F4319026B5C00897ABC /* InfoPlist.strings */; };
		474A1F4719026B5C00897ABC /* XBlasterTests.m in Sources */ = {isa = PBXBuildFile; fileRef = 474A1F4619026B5C00897ABC /* XBlasterTests.m */; };
		474A1F5119026D1700897ABC /* thirteen_pixel_fonts.ttf in Resources */ = {isa = PBXBuildFile; fileRef = 474A1F5019026D1700897ABC /* thirteen_pixel_fonts.ttf */; };
/* End PBXBuildFile section */

/* Begin PBXContainerItemProxy section */
		474A1F3E19026B5C00897ABC /* PBXContainerItemProxy */ = {
			isa = PBXContainerItemProxy;
			containerPortal = 474A1F0919026B5C00897ABC /* Project object */;
			proxyType = 1;
			remoteGlobalIDString = 474A1F1019026B5C00897ABC;
			remoteInfo = XBlaster;
		};
/* End PBXContainerItemProxy section */

/* Begin PBXFileReference section */
		4732D5041902DC1100914951 /* SKAction+SKTExtras.h */ = {isa = PBXFileReference; fileEncoding = 4; lastKnownFileType = sourcecode.c.h; path = "SKAction+SKTExtras.h"; sourceTree = "<group>"; };
		4732D5051902DC1100914951 /* SKAction+SKTExtras.m */ = {isa = PBXFileReference; fileEncoding = 4; lastKnownFileType = sourcecode.c.objc; path = "SKAction+SKTExtras.m"; sourceTree = "<group>"; };
		4732D5061902DC1100914951 /* SKEmitterNode+SKTExtras.h */ = {isa = PBXFileReference; fileEncoding = 4; lastKnownFileType = sourcecode.c.h; path = "SKEmitterNode+SKTExtras.h"; sourceTree = "<group>"; };
		4732D5071902DC1100914951 /* SKEmitterNode+SKTExtras.m */ = {isa = PBXFileReference; fileEncoding = 4; lastKnownFileType = sourcecode.c.objc; path = "SKEmitterNode+SKTExtras.m"; sourceTree = "<group>"; };
		4732D5081902DC1100914951 /* SKNode+SKTExtras.h */ = {isa = PBXFileReference; fileEncoding = 4; lastKnownFileType = sourcecode.c.h; path = "SKNode+SKTExtras.h"; sourceTree = "<group>"; };
		4732D5091902DC1100914951 /* SKNode+SKTExtras.m */ = {isa = PBXFileReference; fileEncoding = 4; lastKnownFileType = sourcecode.c.objc; path = "SKNode+SKTExtras.m"; sourceTree = "<group>"; };
		4732D50A1902DC1100914951 /* SKTAudio.h */ = {isa = PBXFileReference; fileEncoding = 4; lastKnownFileType = sourcecode.c.h; path = SKTAudio.h; sourceTree = "<group>"; };
		4732D50B1902DC1100914951 /* SKTAudio.m */ = {isa = PBXFileReference; fileEncoding = 4; lastKnownFileType = sourcecode.c.objc; path = SKTAudio.m; sourceTree = "<group>"; };
		4732D50C1902DC1100914951 /* SKTUtils.h */ = {isa = PBXFileReference; fileEncoding = 4; lastKnownFileType = sourcecode.c.h; path = SKTUtils.h; sourceTree = "<group>"; };
		4732D50D1902DC1100914951 /* SKTUtils.mm */ = {isa = PBXFileReference; fileEncoding = 4; lastKnownFileType = sourcecode.cpp.objcpp; path = SKTUtils.mm; sourceTree = "<group>"; };
		4732D5141902DFB100914951 /* PNEntity.h */ = {isa = PBXFileReference; fileEncoding = 4; lastKnownFileType = sourcecode.c.h; path = PNEntity.h; sourceTree = "<group>"; };
		4732D5151902DFB100914951 /* PNEntity.m */ = {isa = PBXFileReference; fileEncoding = 4; lastKnownFileType = sourcecode.c.objc; path = PNEntity.m; sourceTree = "<group>"; };
		4732D5171902E2A100914951 /* PNPlayerShip.h */ = {isa = PBXFileReference; fileEncoding = 4; lastKnownFileType = sourcecode.c.h; path = PNPlayerShip.h; sourceTree = "<group>"; };
		4732D5181902E2A100914951 /* PNPlayerShip.m */ = {isa = PBXFileReference; fileEncoding = 4; lastKnownFileType = sourcecode.c.objc; path = PNPlayerShip.m; sourceTree = "<group>"; };
		474A1F1119026B5C00897ABC /* XBlaster.app */ = {isa = PBXFileReference; explicitFileType = wrapper.application; includeInIndex = 0; path = XBlaster.app; sourceTree = BUILT_PRODUCTS_DIR; };
		474A1F1419026B5C00897ABC /* Foundation.framework */ = {isa = PBXFileReference; lastKnownFileType = wrapper.framework; name = Foundation.framework; path = System/Library/Frameworks/Foundation.framework; sourceTree = SDKROOT; };
		474A1F1619026B5C00897ABC /* CoreGraphics.framework */ = {isa = PBXFileReference; lastKnownFileType = wrapper.framework; name = CoreGraphics.framework; path = System/Library/Frameworks/CoreGraphics.framework; sourceTree = SDKROOT; };
		474A1F1819026B5C00897ABC /* UIKit.framework */ = {isa = PBXFileReference; lastKnownFileType = wrapper.framework; name = UIKit.framework; path = System/Library/Frameworks/UIKit.framework; sourceTree = SDKROOT; };
		474A1F1A19026B5C00897ABC /* SpriteKit.framework */ = {isa = PBXFileReference; lastKnownFileType = wrapper.framework; name = SpriteKit.framework; path = System/Library/Frameworks/SpriteKit.framework; sourceTree = SDKROOT; };
		474A1F1E19026B5C00897ABC /* XBlaster-Info.plist */ = {isa = PBXFileReference; lastKnownFileType = text.plist.xml; path = "XBlaster-Info.plist"; sourceTree = "<group>"; };
		474A1F2019026B5C00897ABC /* en */ = {isa = PBXFileReference; lastKnownFileType = text.plist.strings; name = en; path = en.lproj/InfoPlist.strings; sourceTree = "<group>"; };
		474A1F2219026B5C00897ABC /* main.m */ = {isa = PBXFileReference; lastKnownFileType = sourcecode.c.objc; path = main.m; sourceTree = "<group>"; };
		474A1F2419026B5C00897ABC /* XBlaster-Prefix.pch */ = {isa = PBXFileReference; lastKnownFileType = sourcecode.c.h; path = "XBlaster-Prefix.pch"; sourceTree = "<group>"; };
		474A1F2519026B5C00897ABC /* PNAppDelegate.h */ = {isa = PBXFileReference; lastKnownFileType = sourcecode.c.h; path = PNAppDelegate.h; sourceTree = "<group>"; };
		474A1F2619026B5C00897ABC /* PNAppDelegate.m */ = {isa = PBXFileReference; lastKnownFileType = sourcecode.c.objc; path = PNAppDelegate.m; sourceTree = "<group>"; };
		474A1F2919026B5C00897ABC /* Base */ = {isa = PBXFileReference; lastKnownFileType = file.storyboard; name = Base; path = Base.lproj/Main.storyboard; sourceTree = "<group>"; };
		474A1F2B19026B5C00897ABC /* PNViewController.h */ = {isa = PBXFileReference; lastKnownFileType = sourcecode.c.h; path = PNViewController.h; sourceTree = "<group>"; };
		474A1F2C19026B5C00897ABC /* PNViewController.m */ = {isa = PBXFileReference; lastKnownFileType = sourcecode.c.objc; path = PNViewController.m; sourceTree = "<group>"; };
		474A1F2E19026B5C00897ABC /* PNMyScene.h */ = {isa = PBXFileReference; lastKnownFileType = sourcecode.c.h; path = PNMyScene.h; sourceTree = "<group>"; };
		474A1F2F19026B5C00897ABC /* PNMyScene.m */ = {isa = PBXFileReference; lastKnownFileType = sourcecode.c.objc; path = PNMyScene.m; sourceTree = "<group>"; };
		474A1F3119026B5C00897ABC /* Spaceship.png */ = {isa = PBXFileReference; lastKnownFileType = image.png; path = Spaceship.png; sourceTree = "<group>"; };
		474A1F3319026B5C00897ABC /* Images.xcassets */ = {isa = PBXFileReference; lastKnownFileType = folder.assetcatalog; path = Images.xcassets; sourceTree = "<group>"; };
		474A1F3919026B5C00897ABC /* XBlasterTests.xctest */ = {isa = PBXFileReference; explicitFileType = wrapper.cfbundle; includeInIndex = 0; path = XBlasterTests.xctest; sourceTree = BUILT_PRODUCTS_DIR; };
		474A1F3A19026B5C00897ABC /* XCTest.framework */ = {isa = PBXFileReference; lastKnownFileType = wrapper.framework; name = XCTest.framework; path = Library/Frameworks/XCTest.framework; sourceTree = DEVELOPER_DIR; };
		474A1F4219026B5C00897ABC /* XBlasterTests-Info.plist */ = {isa = PBXFileReference; lastKnownFileType = text.plist.xml; path = "XBlasterTests-Info.plist"; sourceTree = "<group>"; };
		474A1F4419026B5C00897ABC /* en */ = {isa = PBXFileReference; lastKnownFileType = text.plist.strings; name = en; path = en.lproj/InfoPlist.strings; sourceTree = "<group>"; };
		474A1F4619026B5C00897ABC /* XBlasterTests.m */ = {isa = PBXFileReference; lastKnownFileType = sourcecode.c.objc; path = XBlasterTests.m; sourceTree = "<group>"; };
		474A1F5019026D1700897ABC /* thirteen_pixel_fonts.ttf */ = {isa = PBXFileReference; lastKnownFileType = file; path = thirteen_pixel_fonts.ttf; sourceTree = "<group>"; };
/* End PBXFileReference section */

/* Begin PBXFrameworksBuildPhase section */
		474A1F0E19026B5C00897ABC /* Frameworks */ = {
			isa = PBXFrameworksBuildPhase;
			buildActionMask = 2147483647;
			files = (
				474A1F1719026B5C00897ABC /* CoreGraphics.framework in Frameworks */,
				474A1F1919026B5C00897ABC /* UIKit.framework in Frameworks */,
				474A1F1B19026B5C00897ABC /* SpriteKit.framework in Frameworks */,
				474A1F1519026B5C00897ABC /* Foundation.framework in Frameworks */,
			);
			runOnlyForDeploymentPostprocessing = 0;
		};
		474A1F3619026B5C00897ABC /* Frameworks */ = {
			isa = PBXFrameworksBuildPhase;
			buildActionMask = 2147483647;
			files = (
				474A1F3B19026B5C00897ABC /* XCTest.framework in Frameworks */,
				474A1F3D19026B5C00897ABC /* UIKit.framework in Frameworks */,
				474A1F3C19026B5C00897ABC /* Foundation.framework in Frameworks */,
			);
			runOnlyForDeploymentPostprocessing = 0;
		};
/* End PBXFrameworksBuildPhase section */

/* Begin PBXGroup section */
		4732D5031902DC1100914951 /* SKTUtils */ = {
			isa = PBXGroup;
			children = (
				4732D5041902DC1100914951 /* SKAction+SKTExtras.h */,
				4732D5051902DC1100914951 /* SKAction+SKTExtras.m */,
				4732D5061902DC1100914951 /* SKEmitterNode+SKTExtras.h */,
				4732D5071902DC1100914951 /* SKEmitterNode+SKTExtras.m */,
				4732D5081902DC1100914951 /* SKNode+SKTExtras.h */,
				4732D5091902DC1100914951 /* SKNode+SKTExtras.m */,
				4732D50A1902DC1100914951 /* SKTAudio.h */,
				4732D50B1902DC1100914951 /* SKTAudio.m */,
				4732D50C1902DC1100914951 /* SKTUtils.h */,
				4732D50D1902DC1100914951 /* SKTUtils.mm */,
			);
			path = SKTUtils;
			sourceTree = "<group>";
		};
		4732D5131902DECE00914951 /* Entities */ = {
			isa = PBXGroup;
			children = (
				4732D5141902DFB100914951 /* PNEntity.h */,
				4732D5151902DFB100914951 /* PNEntity.m */,
				4732D5171902E2A100914951 /* PNPlayerShip.h */,
				4732D5181902E2A100914951 /* PNPlayerShip.m */,
			);
			name = Entities;
			sourceTree = "<group>";
		};
		474A1F0819026B5C00897ABC = {
			isa = PBXGroup;
			children = (
				474A1F1C19026B5C00897ABC /* XBlaster */,
				474A1F4019026B5C00897ABC /* XBlasterTests */,
				474A1F1319026B5C00897ABC /* Frameworks */,
				474A1F1219026B5C00897ABC /* Products */,
			);
			sourceTree = "<group>";
		};
		474A1F1219026B5C00897ABC /* Products */ = {
			isa = PBXGroup;
			children = (
				474A1F1119026B5C00897ABC /* XBlaster.app */,
				474A1F3919026B5C00897ABC /* XBlasterTests.xctest */,
			);
			name = Products;
			sourceTree = "<group>";
		};
		474A1F1319026B5C00897ABC /* Frameworks */ = {
			isa = PBXGroup;
			children = (
				474A1F1419026B5C00897ABC /* Foundation.framework */,
				474A1F1619026B5C00897ABC /* CoreGraphics.framework */,
				474A1F1819026B5C00897ABC /* UIKit.framework */,
				474A1F1A19026B5C00897ABC /* SpriteKit.framework */,
				474A1F3A19026B5C00897ABC /* XCTest.framework */,
			);
			name = Frameworks;
			sourceTree = "<group>";
		};
		474A1F1C19026B5C00897ABC /* XBlaster */ = {
			isa = PBXGroup;
			children = (
				4732D5131902DECE00914951 /* Entities */,
				4732D5031902DC1100914951 /* SKTUtils */,
				474A1F5219026FF600897ABC /* Resources */,
				474A1F2519026B5C00897ABC /* PNAppDelegate.h */,
				474A1F2619026B5C00897ABC /* PNAppDelegate.m */,
				474A1F2819026B5C00897ABC /* Main.storyboard */,
				474A1F2B19026B5C00897ABC /* PNViewController.h */,
				474A1F2C19026B5C00897ABC /* PNViewController.m */,
				474A1F2E19026B5C00897ABC /* PNMyScene.h */,
				474A1F2F19026B5C00897ABC /* PNMyScene.m */,
				474A1F3119026B5C00897ABC /* Spaceship.png */,
				474A1F3319026B5C00897ABC /* Images.xcassets */,
				474A1F1D19026B5C00897ABC /* Supporting Files */,
			);
			path = XBlaster;
			sourceTree = "<group>";
		};
		474A1F1D19026B5C00897ABC /* Supporting Files */ = {
			isa = PBXGroup;
			children = (
				474A1F1E19026B5C00897ABC /* XBlaster-Info.plist */,
				474A1F1F19026B5C00897ABC /* InfoPlist.strings */,
				474A1F2219026B5C00897ABC /* main.m */,
				474A1F2419026B5C00897ABC /* XBlaster-Prefix.pch */,
			);
			name = "Supporting Files";
			sourceTree = "<group>";
		};
		474A1F4019026B5C00897ABC /* XBlasterTests */ = {
			isa = PBXGroup;
			children = (
				474A1F4619026B5C00897ABC /* XBlasterTests.m */,
				474A1F4119026B5C00897ABC /* Supporting Files */,
			);
			path = XBlasterTests;
			sourceTree = "<group>";
		};
		474A1F4119026B5C00897ABC /* Supporting Files */ = {
			isa = PBXGroup;
			children = (
				474A1F4219026B5C00897ABC /* XBlasterTests-Info.plist */,
				474A1F4319026B5C00897ABC /* InfoPlist.strings */,
			);
			name = "Supporting Files";
			sourceTree = "<group>";
		};
		474A1F5219026FF600897ABC /* Resources */ = {
			isa = PBXGroup;
			children = (
				474A1F531902701000897ABC /* Fonts */,
			);
			name = Resources;
			sourceTree = "<group>";
		};
		474A1F531902701000897ABC /* Fonts */ = {
			isa = PBXGroup;
			children = (
				474A1F5019026D1700897ABC /* thirteen_pixel_fonts.ttf */,
			);
			name = Fonts;
			sourceTree = "<group>";
		};
/* End PBXGroup section */

/* Begin PBXNativeTarget section */
		474A1F1019026B5C00897ABC /* XBlaster */ = {
			isa = PBXNativeTarget;
			buildConfigurationList = 474A1F4A19026B5C00897ABC /* Build configuration list for PBXNativeTarget "XBlaster" */;
			buildPhases = (
				474A1F0D19026B5C00897ABC /* Sources */,
				474A1F0E19026B5C00897ABC /* Frameworks */,
				474A1F0F19026B5C00897ABC /* Resources */,
			);
			buildRules = (
			);
			dependencies = (
			);
			name = XBlaster;
			productName = XBlaster;
			productReference = 474A1F1119026B5C00897ABC /* XBlaster.app */;
			productType = "com.apple.product-type.application";
		};
		474A1F3819026B5C00897ABC /* XBlasterTests */ = {
			isa = PBXNativeTarget;
			buildConfigurationList = 474A1F4D19026B5C00897ABC /* Build configuration list for PBXNativeTarget "XBlasterTests" */;
			buildPhases = (
				474A1F3519026B5C00897ABC /* Sources */,
				474A1F3619026B5C00897ABC /* Frameworks */,
				474A1F3719026B5C00897ABC /* Resources */,
			);
			buildRules = (
			);
			dependencies = (
				474A1F3F19026B5C00897ABC /* PBXTargetDependency */,
			);
			name = XBlasterTests;
			productName = XBlasterTests;
			productReference = 474A1F3919026B5C00897ABC /* XBlasterTests.xctest */;
			productType = "com.apple.product-type.bundle.unit-test";
		};
/* End PBXNativeTarget section */

/* Begin PBXProject section */
		474A1F0919026B5C00897ABC /* Project object */ = {
			isa = PBXProject;
			attributes = {
				CLASSPREFIX = PN;
				LastUpgradeCheck = 0510;
				ORGANIZATIONNAME = "___FULLUSERNAME___";
				TargetAttributes = {
					474A1F3819026B5C00897ABC = {
						TestTargetID = 474A1F1019026B5C00897ABC;
					};
				};
			};
			buildConfigurationList = 474A1F0C19026B5C00897ABC /* Build configuration list for PBXProject "XBlaster" */;
			compatibilityVersion = "Xcode 3.2";
			developmentRegion = English;
			hasScannedForEncodings = 0;
			knownRegions = (
				en,
				Base,
			);
			mainGroup = 474A1F0819026B5C00897ABC;
			productRefGroup = 474A1F1219026B5C00897ABC /* Products */;
			projectDirPath = "";
			projectRoot = "";
			targets = (
				474A1F1019026B5C00897ABC /* XBlaster */,
				474A1F3819026B5C00897ABC /* XBlasterTests */,
			);
		};
/* End PBXProject section */

/* Begin PBXResourcesBuildPhase section */
		474A1F0F19026B5C00897ABC /* Resources */ = {
			isa = PBXResourcesBuildPhase;
			buildActionMask = 2147483647;
			files = (
				474A1F5119026D1700897ABC /* thirteen_pixel_fonts.ttf in Resources */,
				474A1F2119026B5C00897ABC /* InfoPlist.strings in Resources */,
				474A1F3419026B5C00897ABC /* Images.xcassets in Resources */,
				474A1F3219026B5C00897ABC /* Spaceship.png in Resources */,
				474A1F2A19026B5C00897ABC /* Main.storyboard in Resources */,
			);
			runOnlyForDeploymentPostprocessing = 0;
		};
		474A1F3719026B5C00897ABC /* Resources */ = {
			isa = PBXResourcesBuildPhase;
			buildActionMask = 2147483647;
			files = (
				474A1F4519026B5C00897ABC /* InfoPlist.strings in Resources */,
			);
			runOnlyForDeploymentPostprocessing = 0;
		};
/* End PBXResourcesBuildPhase section */

/* Begin PBXSourcesBuildPhase section */
		474A1F0D19026B5C00897ABC /* Sources */ = {
			isa = PBXSourcesBuildPhase;
			buildActionMask = 2147483647;
			files = (
				474A1F3019026B5C00897ABC /* PNMyScene.m in Sources */,
				4732D5111902DC1100914951 /* SKTAudio.m in Sources */,
				4732D5161902DFB100914951 /* PNEntity.m in Sources */,
				4732D5191902E2A100914951 /* PNPlayerShip.m in Sources */,
				474A1F2719026B5C00897ABC /* PNAppDelegate.m in Sources */,
				4732D50F1902DC1100914951 /* SKEmitterNode+SKTExtras.m in Sources */,
				4732D5121902DC1100914951 /* SKTUtils.mm in Sources */,
				4732D50E1902DC1100914951 /* SKAction+SKTExtras.m in Sources */,
				474A1F2D19026B5C00897ABC /* PNViewController.m in Sources */,
				4732D5101902DC1100914951 /* SKNode+SKTExtras.m in Sources */,
				474A1F2319026B5C00897ABC /* main.m in Sources */,
			);
			runOnlyForDeploymentPostprocessing = 0;
		};
		474A1F3519026B5C00897ABC /* Sources */ = {
			isa = PBXSourcesBuildPhase;
			buildActionMask = 2147483647;
			files = (
				474A1F4719026B5C00897ABC /* XBlasterTests.m in Sources */,
			);
			runOnlyForDeploymentPostprocessing = 0;
		};
/* End PBXSourcesBuildPhase section */

/* Begin PBXTargetDependency section */
		474A1F3F19026B5C00897ABC /* PBXTargetDependency */ = {
			isa = PBXTargetDependency;
			target = 474A1F1019026B5C00897ABC /* XBlaster */;
			targetProxy = 474A1F3E19026B5C00897ABC /* PBXContainerItemProxy */;
		};
/* End PBXTargetDependency section */

/* Begin PBXVariantGroup section */
		474A1F1F19026B5C00897ABC /* InfoPlist.strings */ = {
			isa = PBXVariantGroup;
			children = (
				474A1F2019026B5C00897ABC /* en */,
			);
			name = InfoPlist.strings;
			sourceTree = "<group>";
		};
		474A1F2819026B5C00897ABC /* Main.storyboard */ = {
			isa = PBXVariantGroup;
			children = (
				474A1F2919026B5C00897ABC /* Base */,
			);
			name = Main.storyboard;
			sourceTree = "<group>";
		};
		474A1F4319026B5C00897ABC /* InfoPlist.strings */ = {
			isa = PBXVariantGroup;
			children = (
				474A1F4419026B5C00897ABC /* en */,
			);
			name = InfoPlist.strings;
			sourceTree = "<group>";
		};
/* End PBXVariantGroup section */

/* Begin XCBuildConfiguration section */
		474A1F4819026B5C00897ABC /* Debug */ = {
			isa = XCBuildConfiguration;
			buildSettings = {
				ALWAYS_SEARCH_USER_PATHS = NO;
				CLANG_CXX_LANGUAGE_STANDARD = "gnu++0x";
				CLANG_CXX_LIBRARY = "libc++";
				CLANG_ENABLE_MODULES = YES;
				CLANG_ENABLE_OBJC_ARC = YES;
				CLANG_WARN_BOOL_CONVERSION = YES;
				CLANG_WARN_CONSTANT_CONVERSION = YES;
				CLANG_WARN_DIRECT_OBJC_ISA_USAGE = YES_ERROR;
				CLANG_WARN_EMPTY_BODY = YES;
				CLANG_WARN_ENUM_CONVERSION = YES;
				CLANG_WARN_INT_CONVERSION = YES;
				CLANG_WARN_OBJC_ROOT_CLASS = YES_ERROR;
				CLANG_WARN__DUPLICATE_METHOD_MATCH = YES;
				"CODE_SIGN_IDENTITY[sdk=iphoneos*]" = "iPhone Developer";
				COPY_PHASE_STRIP = NO;
				GCC_C_LANGUAGE_STANDARD = gnu99;
				GCC_DYNAMIC_NO_PIC = NO;
				GCC_OPTIMIZATION_LEVEL = 0;
				GCC_PREPROCESSOR_DEFINITIONS = (
					"DEBUG=1",
					"$(inherited)",
				);
				GCC_SYMBOLS_PRIVATE_EXTERN = NO;
				GCC_WARN_64_TO_32_BIT_CONVERSION = YES;
				GCC_WARN_ABOUT_RETURN_TYPE = YES_ERROR;
				GCC_WARN_UNDECLARED_SELECTOR = YES;
				GCC_WARN_UNINITIALIZED_AUTOS = YES_AGGRESSIVE;
				GCC_WARN_UNUSED_FUNCTION = YES;
				GCC_WARN_UNUSED_VARIABLE = YES;
				IPHONEOS_DEPLOYMENT_TARGET = 7.1;
				ONLY_ACTIVE_ARCH = YES;
				SDKROOT = iphoneos;
			};
			name = Debug;
		};
		474A1F4919026B5C00897ABC /* Release */ = {
			isa = XCBuildConfiguration;
			buildSettings = {
				ALWAYS_SEARCH_USER_PATHS = NO;
				CLANG_CXX_LANGUAGE_STANDARD = "gnu++0x";
				CLANG_CXX_LIBRARY = "libc++";
				CLANG_ENABLE_MODULES = YES;
				CLANG_ENABLE_OBJC_ARC = YES;
				CLANG_WARN_BOOL_CONVERSION = YES;
				CLANG_WARN_CONSTANT_CONVERSION = YES;
				CLANG_WARN_DIRECT_OBJC_ISA_USAGE = YES_ERROR;
				CLANG_WARN_EMPTY_BODY = YES;
				CLANG_WARN_ENUM_CONVERSION = YES;
				CLANG_WARN_INT_CONVERSION = YES;
				CLANG_WARN_OBJC_ROOT_CLASS = YES_ERROR;
				CLANG_WARN__DUPLICATE_METHOD_MATCH = YES;
				"CODE_SIGN_IDENTITY[sdk=iphoneos*]" = "iPhone Developer";
				COPY_PHASE_STRIP = YES;
				ENABLE_NS_ASSERTIONS = NO;
				GCC_C_LANGUAGE_STANDARD = gnu99;
				GCC_WARN_64_TO_32_BIT_CONVERSION = YES;
				GCC_WARN_ABOUT_RETURN_TYPE = YES_ERROR;
				GCC_WARN_UNDECLARED_SELECTOR = YES;
				GCC_WARN_UNINITIALIZED_AUTOS = YES_AGGRESSIVE;
				GCC_WARN_UNUSED_FUNCTION = YES;
				GCC_WARN_UNUSED_VARIABLE = YES;
				IPHONEOS_DEPLOYMENT_TARGET = 7.1;
				SDKROOT = iphoneos;
				VALIDATE_PRODUCT = YES;
			};
			name = Release;
		};
		474A1F4B19026B5C00897ABC /* Debug */ = {
			isa = XCBuildConfiguration;
			buildSettings = {
				ASSETCATALOG_COMPILER_APPICON_NAME = AppIcon;
				ASSETCATALOG_COMPILER_LAUNCHIMAGE_NAME = LaunchImage;
				GCC_PRECOMPILE_PREFIX_HEADER = YES;
				GCC_PREFIX_HEADER = "XBlaster/XBlaster-Prefix.pch";
				INFOPLIST_FILE = "XBlaster/XBlaster-Info.plist";
				PRODUCT_NAME = "$(TARGET_NAME)";
				SPRITEKIT_TEXTURE_ATLAS_OUTPUT = YES;
				WRAPPER_EXTENSION = app;
			};
			name = Debug;
		};
		474A1F4C19026B5C00897ABC /* Release */ = {
			isa = XCBuildConfiguration;
			buildSettings = {
				ASSETCATALOG_COMPILER_APPICON_NAME = AppIcon;
				ASSETCATALOG_COMPILER_LAUNCHIMAGE_NAME = LaunchImage;
				GCC_PRECOMPILE_PREFIX_HEADER = YES;
				GCC_PREFIX_HEADER = "XBlaster/XBlaster-Prefix.pch";
				INFOPLIST_FILE = "XBlaster/XBlaster-Info.plist";
				PRODUCT_NAME = "$(TARGET_NAME)";
				SPRITEKIT_TEXTURE_ATLAS_OUTPUT = YES;
				WRAPPER_EXTENSION = app;
			};
			name = Release;
		};
		474A1F4E19026B5C00897ABC /* Debug */ = {
			isa = XCBuildConfiguration;
			buildSettings = {
				BUNDLE_LOADER = "$(BUILT_PRODUCTS_DIR)/XBlaster.app/XBlaster";
				FRAMEWORK_SEARCH_PATHS = (
					"$(SDKROOT)/Developer/Library/Frameworks",
					"$(inherited)",
					"$(DEVELOPER_FRAMEWORKS_DIR)",
				);
				GCC_PRECOMPILE_PREFIX_HEADER = YES;
				GCC_PREFIX_HEADER = "XBlaster/XBlaster-Prefix.pch";
				GCC_PREPROCESSOR_DEFINITIONS = (
					"DEBUG=1",
					"$(inherited)",
				);
				INFOPLIST_FILE = "XBlasterTests/XBlasterTests-Info.plist";
				PRODUCT_NAME = "$(TARGET_NAME)";
				TEST_HOST = "$(BUNDLE_LOADER)";
				WRAPPER_EXTENSION = xctest;
			};
			name = Debug;
		};
		474A1F4F19026B5C00897ABC /* Release */ = {
			isa = XCBuildConfiguration;
			buildSettings = {
				BUNDLE_LOADER = "$(BUILT_PRODUCTS_DIR)/XBlaster.app/XBlaster";
				FRAMEWORK_SEARCH_PATHS = (
					"$(SDKROOT)/Developer/Library/Frameworks",
					"$(inherited)",
					"$(DEVELOPER_FRAMEWORKS_DIR)",
				);
				GCC_PRECOMPILE_PREFIX_HEADER = YES;
				GCC_PREFIX_HEADER = "XBlaster/XBlaster-Prefix.pch";
				INFOPLIST_FILE = "XBlasterTests/XBlasterTests-Info.plist";
				PRODUCT_NAME = "$(TARGET_NAME)";
				TEST_HOST = "$(BUNDLE_LOADER)";
				WRAPPER_EXTENSION = xctest;
			};
			name = Release;
		};
/* End XCBuildConfiguration section */

/* Begin XCConfigurationList section */
		474A1F0C19026B5C00897ABC /* Build configuration list for PBXProject "XBlaster" */ = {
			isa = XCConfigurationList;
			buildConfigurations = (
				474A1F4819026B5C00897ABC /* Debug */,
				474A1F4919026B5C00897ABC /* Release */,
			);
			defaultConfigurationIsVisible = 0;
			defaultConfigurationName = Release;
		};
		474A1F4A19026B5C00897ABC /* Build configuration list for PBXNativeTarget "XBlaster" */ = {
			isa = XCConfigurationList;
			buildConfigurations = (
				474A1F4B19026B5C00897ABC /* Debug */,
				474A1F4C19026B5C00897ABC /* Release */,
			);
			defaultConfigurationIsVisible = 0;
			defaultConfigurationName = Release;
		};
		474A1F4D19026B5C00897ABC /* Build configuration list for PBXNativeTarget "XBlasterTests" */ = {
			isa = XCConfigurationList;
			buildConfigurations = (
				474A1F4E19026B5C00897ABC /* Debug */,
				474A1F4F19026B5C00897ABC /* Release */,
			);
			defaultConfigurationIsVisible = 0;
			defaultConfigurationName = Release;
		};
/* End XCConfigurationList section */
	};
	rootObject = 474A1F0919026B5C00897ABC /* Project object */;
}
